PODS:
  - OHHTTPStubs (3.1.11):
    - OHHTTPStubs/Core (= 3.1.11)
  - OHHTTPStubs/Core (3.1.11)
  - SPGooglePlacesAutocomplete (1.1.0)

DEPENDENCIES:
  - OHHTTPStubs
  - SPGooglePlacesAutocomplete (from `../`)

EXTERNAL SOURCES:
  SPGooglePlacesAutocomplete:
    :path: ../

SPEC CHECKSUMS:
  OHHTTPStubs: 5624a5d20d97d46d47e15a68ca8808b59ccf0512
  SPGooglePlacesAutocomplete: 774735e5387fad18db54711e3da85e2ef8c14f39

COCOAPODS: 0.36.3
